
Microsoft Visual Studio Solution File, Format Version 12.00
# Visual Studio 2012
Project("{FAE04EC0-301F-11D3-BF4B-00C04F79EFBC}") = "TaskList", "TaskList\TaskList.csproj", "{594098C0-3EF6-4197-A5AE-3142386158D5}"
EndProject
Project("{FAE04EC0-301F-11D3-BF4B-00C04F79EFBC}") = "TaskList.Tests", "TaskList.Tests\TaskList.Tests.csproj", "{35D23C6E-CE41-40C2-AE7E-270B2AFA4324}"
EndProject
Project("{FAE04EC0-301F-11D3-BF4B-00C04F79EFBC}") = "TaskList.BizModels", "TaskList.BizModels\TaskList.BizModels.csproj", "{F658D2B0-A608-44C1-B90E-C365C2428DD7}"
EndProject
Project("{FAE04EC0-301F-11D3-BF4B-00C04F79EFBC}") = "TaskList.Models", "TaskList.Models\TaskList.Models.csproj", "{FCC7077C-A8D5-48E6-A50B-BB7B862FB6AA}"
EndProject
Project("{FAE04EC0-301F-11D3-BF4B-00C04F79EFBC}") = "TaskList.Mapping", "TaskList.Mapping\TaskList.Mapping.csproj", "{7573E7E4-AB48-4ECD-A144-2178978A64F7}"
EndProject
Project("{FAE04EC0-301F-11D3-BF4B-00C04F79EFBC}") = "TaskList.EFData", "TaskList.Data\TaskList.EFData.csproj", "{8CD7E3CD-0A78-4C88-AB07-50045A1269CC}"
EndProject
Project("{2150E333-8FDC-42A3-9474-1A3956D46DE8}") = "Tests", "Tests", "{E1B8B577-1B43-4732-A19B-4436EAE47CAF}"
EndProject
Project("{FAE04EC0-301F-11D3-BF4B-00C04F79EFBC}") = "TaskList.ServiceContracts", "TaskList.ServiceContracts\TaskList.ServiceContracts.csproj", "{6614500E-1A17-4E6D-B6A2-4653C311B433}"
EndProject
Project("{FAE04EC0-301F-11D3-BF4B-00C04F79EFBC}") = "TaskList.RepositoryContracts", "TaskList.RepositoryContracts\TaskList.RepositoryContracts.csproj", "{ADECB80A-ADCA-419D-B6F5-05449EDD706B}"
EndProject
Project("{FAE04EC0-301F-11D3-BF4B-00C04F79EFBC}") = "TaskList.EFRepository.Tests", "TaskList.EFRepository.Tests\TaskList.EFRepository.Tests.csproj", "{3822B427-69F1-442C-817F-212FE7DD47A0}"
EndProject
Project("{FAE04EC0-301F-11D3-BF4B-00C04F79EFBC}") = "TaskList.Services", "TaskList.Services\TaskList.Services.csproj", "{9016D5C7-CF9D-4884-AEDA-0F6D4150BE13}"
EndProject
Project("{FAE04EC0-301F-11D3-BF4B-00C04F79EFBC}") = "TaskList.MemServices", "TaskList.MemServices\TaskList.MemServices.csproj", "{6304A87E-4032-4424-9A31-DE48B479AA31}"
EndProject
Project("{FAE04EC0-301F-11D3-BF4B-00C04F79EFBC}") = "TaskList.EFRepository", "TaskList.EFRepository\TaskList.EFRepository.csproj", "{2DE1F9B4-CDDB-4272-847A-3D83453A9AD9}"
EndProject
Project("{FAE04EC0-301F-11D3-BF4B-00C04F79EFBC}") = "TaskList.Services.Tests", "TaskList.Services.Tests\TaskList.Services.Tests.csproj", "{70FE3B7E-2368-4804-9FB9-E24B858AB288}"
EndProject
Global
	GlobalSection(SolutionConfigurationPlatforms) = preSolution
		Debug|Any CPU = Debug|Any CPU
		Release|Any CPU = Release|Any CPU
	EndGlobalSection
	GlobalSection(ProjectConfigurationPlatforms) = postSolution
		{594098C0-3EF6-4197-A5AE-3142386158D5}.Debug|Any CPU.ActiveCfg = Debug|Any CPU
		{594098C0-3EF6-4197-A5AE-3142386158D5}.Debug|Any CPU.Build.0 = Debug|Any CPU
		{594098C0-3EF6-4197-A5AE-3142386158D5}.Release|Any CPU.ActiveCfg = Release|Any CPU
		{594098C0-3EF6-4197-A5AE-3142386158D5}.Release|Any CPU.Build.0 = Release|Any CPU
		{35D23C6E-CE41-40C2-AE7E-270B2AFA4324}.Debug|Any CPU.ActiveCfg = Debug|Any CPU
		{35D23C6E-CE41-40C2-AE7E-270B2AFA4324}.Debug|Any CPU.Build.0 = Debug|Any CPU
		{35D23C6E-CE41-40C2-AE7E-270B2AFA4324}.Release|Any CPU.ActiveCfg = Release|Any CPU
		{35D23C6E-CE41-40C2-AE7E-270B2AFA4324}.Release|Any CPU.Build.0 = Release|Any CPU
		{F658D2B0-A608-44C1-B90E-C365C2428DD7}.Debug|Any CPU.ActiveCfg = Debug|Any CPU
		{F658D2B0-A608-44C1-B90E-C365C2428DD7}.Debug|Any CPU.Build.0 = Debug|Any CPU
		{F658D2B0-A608-44C1-B90E-C365C2428DD7}.Release|Any CPU.ActiveCfg = Release|Any CPU
		{F658D2B0-A608-44C1-B90E-C365C2428DD7}.Release|Any CPU.Build.0 = Release|Any CPU
		{FCC7077C-A8D5-48E6-A50B-BB7B862FB6AA}.Debug|Any CPU.ActiveCfg = Debug|Any CPU
		{FCC7077C-A8D5-48E6-A50B-BB7B862FB6AA}.Debug|Any CPU.Build.0 = Debug|Any CPU
		{FCC7077C-A8D5-48E6-A50B-BB7B862FB6AA}.Release|Any CPU.ActiveCfg = Release|Any CPU
		{FCC7077C-A8D5-48E6-A50B-BB7B862FB6AA}.Release|Any CPU.Build.0 = Release|Any CPU
		{7573E7E4-AB48-4ECD-A144-2178978A64F7}.Debug|Any CPU.ActiveCfg = Debug|Any CPU
		{7573E7E4-AB48-4ECD-A144-2178978A64F7}.Debug|Any CPU.Build.0 = Debug|Any CPU
		{7573E7E4-AB48-4ECD-A144-2178978A64F7}.Release|Any CPU.ActiveCfg = Release|Any CPU
		{7573E7E4-AB48-4ECD-A144-2178978A64F7}.Release|Any CPU.Build.0 = Release|Any CPU
		{8CD7E3CD-0A78-4C88-AB07-50045A1269CC}.Debug|Any CPU.ActiveCfg = Debug|Any CPU
		{8CD7E3CD-0A78-4C88-AB07-50045A1269CC}.Debug|Any CPU.Build.0 = Debug|Any CPU
		{8CD7E3CD-0A78-4C88-AB07-50045A1269CC}.Release|Any CPU.ActiveCfg = Release|Any CPU
		{8CD7E3CD-0A78-4C88-AB07-50045A1269CC}.Release|Any CPU.Build.0 = Release|Any CPU
		{6614500E-1A17-4E6D-B6A2-4653C311B433}.Debug|Any CPU.ActiveCfg = Debug|Any CPU
		{6614500E-1A17-4E6D-B6A2-4653C311B433}.Debug|Any CPU.Build.0 = Debug|Any CPU
		{6614500E-1A17-4E6D-B6A2-4653C311B433}.Release|Any CPU.ActiveCfg = Release|Any CPU
		{6614500E-1A17-4E6D-B6A2-4653C311B433}.Release|Any CPU.Build.0 = Release|Any CPU
		{ADECB80A-ADCA-419D-B6F5-05449EDD706B}.Debug|Any CPU.ActiveCfg = Debug|Any CPU
		{ADECB80A-ADCA-419D-B6F5-05449EDD706B}.Debug|Any CPU.Build.0 = Debug|Any CPU
		{ADECB80A-ADCA-419D-B6F5-05449EDD706B}.Release|Any CPU.ActiveCfg = Release|Any CPU
		{ADECB80A-ADCA-419D-B6F5-05449EDD706B}.Release|Any CPU.Build.0 = Release|Any CPU
		{3822B427-69F1-442C-817F-212FE7DD47A0}.Debug|Any CPU.ActiveCfg = Debug|Any CPU
		{3822B427-69F1-442C-817F-212FE7DD47A0}.Debug|Any CPU.Build.0 = Debug|Any CPU
		{3822B427-69F1-442C-817F-212FE7DD47A0}.Release|Any CPU.ActiveCfg = Release|Any CPU
		{3822B427-69F1-442C-817F-212FE7DD47A0}.Release|Any CPU.Build.0 = Release|Any CPU
		{9016D5C7-CF9D-4884-AEDA-0F6D4150BE13}.Debug|Any CPU.ActiveCfg = Debug|Any CPU
		{9016D5C7-CF9D-4884-AEDA-0F6D4150BE13}.Debug|Any CPU.Build.0 = Debug|Any CPU
		{9016D5C7-CF9D-4884-AEDA-0F6D4150BE13}.Release|Any CPU.ActiveCfg = Release|Any CPU
		{9016D5C7-CF9D-4884-AEDA-0F6D4150BE13}.Release|Any CPU.Build.0 = Release|Any CPU
		{6304A87E-4032-4424-9A31-DE48B479AA31}.Debug|Any CPU.ActiveCfg = Debug|Any CPU
		{6304A87E-4032-4424-9A31-DE48B479AA31}.Debug|Any CPU.Build.0 = Debug|Any CPU
		{6304A87E-4032-4424-9A31-DE48B479AA31}.Release|Any CPU.ActiveCfg = Release|Any CPU
		{6304A87E-4032-4424-9A31-DE48B479AA31}.Release|Any CPU.Build.0 = Release|Any CPU
		{2DE1F9B4-CDDB-4272-847A-3D83453A9AD9}.Debug|Any CPU.ActiveCfg = Debug|Any CPU
		{2DE1F9B4-CDDB-4272-847A-3D83453A9AD9}.Debug|Any CPU.Build.0 = Debug|Any CPU
		{2DE1F9B4-CDDB-4272-847A-3D83453A9AD9}.Release|Any CPU.ActiveCfg = Release|Any CPU
		{2DE1F9B4-CDDB-4272-847A-3D83453A9AD9}.Release|Any CPU.Build.0 = Release|Any CPU
		{70FE3B7E-2368-4804-9FB9-E24B858AB288}.Debug|Any CPU.ActiveCfg = Debug|Any CPU
		{70FE3B7E-2368-4804-9FB9-E24B858AB288}.Debug|Any CPU.Build.0 = Debug|Any CPU
		{70FE3B7E-2368-4804-9FB9-E24B858AB288}.Release|Any CPU.ActiveCfg = Release|Any CPU
		{70FE3B7E-2368-4804-9FB9-E24B858AB288}.Release|Any CPU.Build.0 = Release|Any CPU
	EndGlobalSection
	GlobalSection(SolutionProperties) = preSolution
		HideSolutionNode = FALSE
	EndGlobalSection
	GlobalSection(NestedProjects) = preSolution
		{35D23C6E-CE41-40C2-AE7E-270B2AFA4324} = {E1B8B577-1B43-4732-A19B-4436EAE47CAF}
		{3822B427-69F1-442C-817F-212FE7DD47A0} = {E1B8B577-1B43-4732-A19B-4436EAE47CAF}
		{70FE3B7E-2368-4804-9FB9-E24B858AB288} = {E1B8B577-1B43-4732-A19B-4436EAE47CAF}
	EndGlobalSection
EndGlobal
